// !$*UTF8*$!
{
	archiveVersion = 1;
	classes = {
	};
	objectVersion = 55;
	objects = {

/* Begin PBXBuildFile section */
		6567DFB22785DD3F009EEDB0 /* AppDelegate.swift in Sources */ = {isa = PBXBuildFile; fileRef = 6567DFB12785DD3F009EEDB0 /* AppDelegate.swift */; };
		6567DFB42785DD3F009EEDB0 /* SceneDelegate.swift in Sources */ = {isa = PBXBuildFile; fileRef = 6567DFB32785DD3F009EEDB0 /* SceneDelegate.swift */; };
		6567DFBB2785DD44009EEDB0 /* Assets.xcassets in Resources */ = {isa = PBXBuildFile; fileRef = 6567DFBA2785DD44009EEDB0 /* Assets.xcassets */; };
		6567DFBE2785DD44009EEDB0 /* LaunchScreen.storyboard in Resources */ = {isa = PBXBuildFile; fileRef = 6567DFBC2785DD44009EEDB0 /* LaunchScreen.storyboard */; };
		6567DFC92785DD44009EEDB0 /* TestSLGTests.swift in Sources */ = {isa = PBXBuildFile; fileRef = 6567DFC82785DD44009EEDB0 /* TestSLGTests.swift */; };
		6567DFD32785DD44009EEDB0 /* TestSLGUITests.swift in Sources */ = {isa = PBXBuildFile; fileRef = 6567DFD22785DD44009EEDB0 /* TestSLGUITests.swift */; };
		6567DFD52785DD44009EEDB0 /* TestSLGUITestsLaunchTests.swift in Sources */ = {isa = PBXBuildFile; fileRef = 6567DFD42785DD44009EEDB0 /* TestSLGUITestsLaunchTests.swift */; };
		6567DFE22786FB2F009EEDB0 /* RemoteStoragePort.swift in Sources */ = {isa = PBXBuildFile; fileRef = 6567DFE12786FB2F009EEDB0 /* RemoteStoragePort.swift */; };
		6567DFE42786FB3C009EEDB0 /* LocalStoragePort.swift in Sources */ = {isa = PBXBuildFile; fileRef = 6567DFE32786FB3C009EEDB0 /* LocalStoragePort.swift */; };
		6567DFE62786FF08009EEDB0 /* APIClient.swift in Sources */ = {isa = PBXBuildFile; fileRef = 6567DFE52786FF08009EEDB0 /* APIClient.swift */; };
		6567DFE92787001B009EEDB0 /* OffersService.swift in Sources */ = {isa = PBXBuildFile; fileRef = 6567DFE82787001B009EEDB0 /* OffersService.swift */; };
		6567DFEE278703F8009EEDB0 /* OffersListViewController.swift in Sources */ = {isa = PBXBuildFile; fileRef = 6567DFED278703F8009EEDB0 /* OffersListViewController.swift */; };
		6567DFF027870407009EEDB0 /* OfferDetailsViewController.swift in Sources */ = {isa = PBXBuildFile; fileRef = 6567DFEF27870407009EEDB0 /* OfferDetailsViewController.swift */; };
		6567DFF227870447009EEDB0 /* OffersListViewModel.swift in Sources */ = {isa = PBXBuildFile; fileRef = 6567DFF127870447009EEDB0 /* OffersListViewModel.swift */; };
		6567DFF427870453009EEDB0 /* OfferDetailsViewModel.swift in Sources */ = {isa = PBXBuildFile; fileRef = 6567DFF327870453009EEDB0 /* OfferDetailsViewModel.swift */; };
		6567DFF6278704B8009EEDB0 /* OfferCellInput.swift in Sources */ = {isa = PBXBuildFile; fileRef = 6567DFF5278704B8009EEDB0 /* OfferCellInput.swift */; };
		6567DFF8278704C8009EEDB0 /* OfferDetailsInput.swift in Sources */ = {isa = PBXBuildFile; fileRef = 6567DFF7278704C8009EEDB0 /* OfferDetailsInput.swift */; };
		6567DFFA27870AE3009EEDB0 /* Offer.swift in Sources */ = {isa = PBXBuildFile; fileRef = 6567DFF927870AE3009EEDB0 /* Offer.swift */; };
		6567DFFC27870AEB009EEDB0 /* OfferDetails.swift in Sources */ = {isa = PBXBuildFile; fileRef = 6567DFFB27870AEB009EEDB0 /* OfferDetails.swift */; };
		6567DFFE27870C6E009EEDB0 /* APIOffer.swift in Sources */ = {isa = PBXBuildFile; fileRef = 6567DFFD27870C6E009EEDB0 /* APIOffer.swift */; };
		6567E00027872E46009EEDB0 /* AppCoordinator.swift in Sources */ = {isa = PBXBuildFile; fileRef = 6567DFFF27872E46009EEDB0 /* AppCoordinator.swift */; };
		6567E00227875871009EEDB0 /* OfferCell.swift in Sources */ = {isa = PBXBuildFile; fileRef = 6567E00127875871009EEDB0 /* OfferCell.swift */; };
/* End PBXBuildFile section */

/* Begin PBXContainerItemProxy section */
		6567DFC52785DD44009EEDB0 /* PBXContainerItemProxy */ = {
			isa = PBXContainerItemProxy;
			containerPortal = 6567DFA62785DD3F009EEDB0 /* Project object */;
			proxyType = 1;
			remoteGlobalIDString = 6567DFAD2785DD3F009EEDB0;
			remoteInfo = TestSLG;
		};
		6567DFCF2785DD44009EEDB0 /* PBXContainerItemProxy */ = {
			isa = PBXContainerItemProxy;
			containerPortal = 6567DFA62785DD3F009EEDB0 /* Project object */;
			proxyType = 1;
			remoteGlobalIDString = 6567DFAD2785DD3F009EEDB0;
			remoteInfo = TestSLG;
		};
/* End PBXContainerItemProxy section */

/* Begin PBXFileReference section */
		6567DFAE2785DD3F009EEDB0 /* TestSLG.app */ = {isa = PBXFileReference; explicitFileType = wrapper.application; includeInIndex = 0; path = TestSLG.app; sourceTree = BUILT_PRODUCTS_DIR; };
		6567DFB12785DD3F009EEDB0 /* AppDelegate.swift */ = {isa = PBXFileReference; lastKnownFileType = sourcecode.swift; path = AppDelegate.swift; sourceTree = "<group>"; };
		6567DFB32785DD3F009EEDB0 /* SceneDelegate.swift */ = {isa = PBXFileReference; lastKnownFileType = sourcecode.swift; path = SceneDelegate.swift; sourceTree = "<group>"; };
		6567DFBA2785DD44009EEDB0 /* Assets.xcassets */ = {isa = PBXFileReference; lastKnownFileType = folder.assetcatalog; path = Assets.xcassets; sourceTree = "<group>"; };
		6567DFBD2785DD44009EEDB0 /* Base */ = {isa = PBXFileReference; lastKnownFileType = file.storyboard; name = Base; path = Base.lproj/LaunchScreen.storyboard; sourceTree = "<group>"; };
		6567DFBF2785DD44009EEDB0 /* Info.plist */ = {isa = PBXFileReference; lastKnownFileType = text.plist.xml; path = Info.plist; sourceTree = "<group>"; };
		6567DFC42785DD44009EEDB0 /* TestSLGTests.xctest */ = {isa = PBXFileReference; explicitFileType = wrapper.cfbundle; includeInIndex = 0; path = TestSLGTests.xctest; sourceTree = BUILT_PRODUCTS_DIR; };
		6567DFC82785DD44009EEDB0 /* TestSLGTests.swift */ = {isa = PBXFileReference; lastKnownFileType = sourcecode.swift; path = TestSLGTests.swift; sourceTree = "<group>"; };
		6567DFCE2785DD44009EEDB0 /* TestSLGUITests.xctest */ = {isa = PBXFileReference; explicitFileType = wrapper.cfbundle; includeInIndex = 0; path = TestSLGUITests.xctest; sourceTree = BUILT_PRODUCTS_DIR; };
		6567DFD22785DD44009EEDB0 /* TestSLGUITests.swift */ = {isa = PBXFileReference; lastKnownFileType = sourcecode.swift; path = TestSLGUITests.swift; sourceTree = "<group>"; };
		6567DFD42785DD44009EEDB0 /* TestSLGUITestsLaunchTests.swift */ = {isa = PBXFileReference; lastKnownFileType = sourcecode.swift; path = TestSLGUITestsLaunchTests.swift; sourceTree = "<group>"; };
		6567DFE12786FB2F009EEDB0 /* RemoteStoragePort.swift */ = {isa = PBXFileReference; lastKnownFileType = sourcecode.swift; path = RemoteStoragePort.swift; sourceTree = "<group>"; };
		6567DFE32786FB3C009EEDB0 /* LocalStoragePort.swift */ = {isa = PBXFileReference; lastKnownFileType = sourcecode.swift; path = LocalStoragePort.swift; sourceTree = "<group>"; };
		6567DFE52786FF08009EEDB0 /* APIClient.swift */ = {isa = PBXFileReference; lastKnownFileType = sourcecode.swift; path = APIClient.swift; sourceTree = "<group>"; };
		6567DFE82787001B009EEDB0 /* OffersService.swift */ = {isa = PBXFileReference; lastKnownFileType = sourcecode.swift; path = OffersService.swift; sourceTree = "<group>"; };
		6567DFED278703F8009EEDB0 /* OffersListViewController.swift */ = {isa = PBXFileReference; lastKnownFileType = sourcecode.swift; path = OffersListViewController.swift; sourceTree = "<group>"; };
		6567DFEF27870407009EEDB0 /* OfferDetailsViewController.swift */ = {isa = PBXFileReference; lastKnownFileType = sourcecode.swift; path = OfferDetailsViewController.swift; sourceTree = "<group>"; };
		6567DFF127870447009EEDB0 /* OffersListViewModel.swift */ = {isa = PBXFileReference; lastKnownFileType = sourcecode.swift; path = OffersListViewModel.swift; sourceTree = "<group>"; };
		6567DFF327870453009EEDB0 /* OfferDetailsViewModel.swift */ = {isa = PBXFileReference; lastKnownFileType = sourcecode.swift; path = OfferDetailsViewModel.swift; sourceTree = "<group>"; };
		6567DFF5278704B8009EEDB0 /* OfferCellInput.swift */ = {isa = PBXFileReference; lastKnownFileType = sourcecode.swift; path = OfferCellInput.swift; sourceTree = "<group>"; };
		6567DFF7278704C8009EEDB0 /* OfferDetailsInput.swift */ = {isa = PBXFileReference; lastKnownFileType = sourcecode.swift; path = OfferDetailsInput.swift; sourceTree = "<group>"; };
		6567DFF927870AE3009EEDB0 /* Offer.swift */ = {isa = PBXFileReference; lastKnownFileType = sourcecode.swift; path = Offer.swift; sourceTree = "<group>"; };
		6567DFFB27870AEB009EEDB0 /* OfferDetails.swift */ = {isa = PBXFileReference; lastKnownFileType = sourcecode.swift; path = OfferDetails.swift; sourceTree = "<group>"; };
		6567DFFD27870C6E009EEDB0 /* APIOffer.swift */ = {isa = PBXFileReference; lastKnownFileType = sourcecode.swift; path = APIOffer.swift; sourceTree = "<group>"; };
		6567DFFF27872E46009EEDB0 /* AppCoordinator.swift */ = {isa = PBXFileReference; lastKnownFileType = sourcecode.swift; path = AppCoordinator.swift; sourceTree = "<group>"; };
		6567E00127875871009EEDB0 /* OfferCell.swift */ = {isa = PBXFileReference; lastKnownFileType = sourcecode.swift; path = OfferCell.swift; sourceTree = "<group>"; };
/* End PBXFileReference section */

/* Begin PBXFrameworksBuildPhase section */
		6567DFAB2785DD3F009EEDB0 /* Frameworks */ = {
			isa = PBXFrameworksBuildPhase;
			buildActionMask = 2147483647;
			files = (
			);
			runOnlyForDeploymentPostprocessing = 0;
		};
		6567DFC12785DD44009EEDB0 /* Frameworks */ = {
			isa = PBXFrameworksBuildPhase;
			buildActionMask = 2147483647;
			files = (
			);
			runOnlyForDeploymentPostprocessing = 0;
		};
		6567DFCB2785DD44009EEDB0 /* Frameworks */ = {
			isa = PBXFrameworksBuildPhase;
			buildActionMask = 2147483647;
			files = (
			);
			runOnlyForDeploymentPostprocessing = 0;
		};
/* End PBXFrameworksBuildPhase section */

/* Begin PBXGroup section */
		6567DFA52785DD3F009EEDB0 = {
			isa = PBXGroup;
			children = (
				6567DFB02785DD3F009EEDB0 /* TestSLG */,
				6567DFC72785DD44009EEDB0 /* TestSLGTests */,
				6567DFD12785DD44009EEDB0 /* TestSLGUITests */,
				6567DFAF2785DD3F009EEDB0 /* Products */,
			);
			sourceTree = "<group>";
		};
		6567DFAF2785DD3F009EEDB0 /* Products */ = {
			isa = PBXGroup;
			children = (
				6567DFAE2785DD3F009EEDB0 /* TestSLG.app */,
				6567DFC42785DD44009EEDB0 /* TestSLGTests.xctest */,
				6567DFCE2785DD44009EEDB0 /* TestSLGUITests.xctest */,
			);
			name = Products;
			sourceTree = "<group>";
		};
		6567DFB02785DD3F009EEDB0 /* TestSLG */ = {
			isa = PBXGroup;
			children = (
				6567DFFF27872E46009EEDB0 /* AppCoordinator.swift */,
				6567DFEA278703D4009EEDB0 /* UI */,
				6567DFE72787000C009EEDB0 /* Domain */,
				6567DFB12785DD3F009EEDB0 /* AppDelegate.swift */,
				6567DFB32785DD3F009EEDB0 /* SceneDelegate.swift */,
				6567DFBA2785DD44009EEDB0 /* Assets.xcassets */,
				6567DFBC2785DD44009EEDB0 /* LaunchScreen.storyboard */,
				6567DFBF2785DD44009EEDB0 /* Info.plist */,
				6567DFE12786FB2F009EEDB0 /* RemoteStoragePort.swift */,
				6567DFE32786FB3C009EEDB0 /* LocalStoragePort.swift */,
				6567DFE52786FF08009EEDB0 /* APIClient.swift */,
				6567DFFD27870C6E009EEDB0 /* APIOffer.swift */,
			);
			path = TestSLG;
			sourceTree = "<group>";
		};
		6567DFC72785DD44009EEDB0 /* TestSLGTests */ = {
			isa = PBXGroup;
			children = (
				6567DFC82785DD44009EEDB0 /* TestSLGTests.swift */,
			);
			path = TestSLGTests;
			sourceTree = "<group>";
		};
		6567DFD12785DD44009EEDB0 /* TestSLGUITests */ = {
			isa = PBXGroup;
			children = (
				6567DFD22785DD44009EEDB0 /* TestSLGUITests.swift */,
				6567DFD42785DD44009EEDB0 /* TestSLGUITestsLaunchTests.swift */,
			);
			path = TestSLGUITests;
			sourceTree = "<group>";
		};
		6567DFE72787000C009EEDB0 /* Domain */ = {
			isa = PBXGroup;
			children = (
				6567DFE82787001B009EEDB0 /* OffersService.swift */,
				6567DFF927870AE3009EEDB0 /* Offer.swift */,
				6567DFFB27870AEB009EEDB0 /* OfferDetails.swift */,
			);
			path = Domain;
			sourceTree = "<group>";
		};
		6567DFEA278703D4009EEDB0 /* UI */ = {
			isa = PBXGroup;
			children = (
				6567DFED278703F8009EEDB0 /* OffersListViewController.swift */,
				6567DFEF27870407009EEDB0 /* OfferDetailsViewController.swift */,
				6567DFF127870447009EEDB0 /* OffersListViewModel.swift */,
				6567DFF327870453009EEDB0 /* OfferDetailsViewModel.swift */,
				6567DFF5278704B8009EEDB0 /* OfferCellInput.swift */,
				6567DFF7278704C8009EEDB0 /* OfferDetailsInput.swift */,
				6567E00127875871009EEDB0 /* OfferCell.swift */,
			);
			path = UI;
			sourceTree = "<group>";
		};
/* End PBXGroup section */

/* Begin PBXNativeTarget section */
		6567DFAD2785DD3F009EEDB0 /* TestSLG */ = {
			isa = PBXNativeTarget;
			buildConfigurationList = 6567DFD82785DD44009EEDB0 /* Build configuration list for PBXNativeTarget "TestSLG" */;
			buildPhases = (
				6567DFAA2785DD3F009EEDB0 /* Sources */,
				6567DFAB2785DD3F009EEDB0 /* Frameworks */,
				6567DFAC2785DD3F009EEDB0 /* Resources */,
			);
			buildRules = (
			);
			dependencies = (
			);
			name = TestSLG;
			productName = TestSLG;
			productReference = 6567DFAE2785DD3F009EEDB0 /* TestSLG.app */;
			productType = "com.apple.product-type.application";
		};
		6567DFC32785DD44009EEDB0 /* TestSLGTests */ = {
			isa = PBXNativeTarget;
			buildConfigurationList = 6567DFDB2785DD44009EEDB0 /* Build configuration list for PBXNativeTarget "TestSLGTests" */;
			buildPhases = (
				6567DFC02785DD44009EEDB0 /* Sources */,
				6567DFC12785DD44009EEDB0 /* Frameworks */,
				6567DFC22785DD44009EEDB0 /* Resources */,
			);
			buildRules = (
			);
			dependencies = (
				6567DFC62785DD44009EEDB0 /* PBXTargetDependency */,
			);
			name = TestSLGTests;
			productName = TestSLGTests;
			productReference = 6567DFC42785DD44009EEDB0 /* TestSLGTests.xctest */;
			productType = "com.apple.product-type.bundle.unit-test";
		};
		6567DFCD2785DD44009EEDB0 /* TestSLGUITests */ = {
			isa = PBXNativeTarget;
			buildConfigurationList = 6567DFDE2785DD44009EEDB0 /* Build configuration list for PBXNativeTarget "TestSLGUITests" */;
			buildPhases = (
				6567DFCA2785DD44009EEDB0 /* Sources */,
				6567DFCB2785DD44009EEDB0 /* Frameworks */,
				6567DFCC2785DD44009EEDB0 /* Resources */,
			);
			buildRules = (
			);
			dependencies = (
				6567DFD02785DD44009EEDB0 /* PBXTargetDependency */,
			);
			name = TestSLGUITests;
			productName = TestSLGUITests;
			productReference = 6567DFCE2785DD44009EEDB0 /* TestSLGUITests.xctest */;
			productType = "com.apple.product-type.bundle.ui-testing";
		};
/* End PBXNativeTarget section */

/* Begin PBXProject section */
		6567DFA62785DD3F009EEDB0 /* Project object */ = {
			isa = PBXProject;
			attributes = {
				BuildIndependentTargetsInParallel = 1;
				LastSwiftUpdateCheck = 1300;
				LastUpgradeCheck = 1300;
				TargetAttributes = {
					6567DFAD2785DD3F009EEDB0 = {
						CreatedOnToolsVersion = 13.0;
					};
					6567DFC32785DD44009EEDB0 = {
						CreatedOnToolsVersion = 13.0;
						TestTargetID = 6567DFAD2785DD3F009EEDB0;
					};
					6567DFCD2785DD44009EEDB0 = {
						CreatedOnToolsVersion = 13.0;
						TestTargetID = 6567DFAD2785DD3F009EEDB0;
					};
				};
			};
			buildConfigurationList = 6567DFA92785DD3F009EEDB0 /* Build configuration list for PBXProject "TestSLG" */;
			compatibilityVersion = "Xcode 13.0";
			developmentRegion = en;
			hasScannedForEncodings = 0;
			knownRegions = (
				en,
				Base,
			);
			mainGroup = 6567DFA52785DD3F009EEDB0;
			productRefGroup = 6567DFAF2785DD3F009EEDB0 /* Products */;
			projectDirPath = "";
			projectRoot = "";
			targets = (
				6567DFAD2785DD3F009EEDB0 /* TestSLG */,
				6567DFC32785DD44009EEDB0 /* TestSLGTests */,
				6567DFCD2785DD44009EEDB0 /* TestSLGUITests */,
			);
		};
/* End PBXProject section */

/* Begin PBXResourcesBuildPhase section */
		6567DFAC2785DD3F009EEDB0 /* Resources */ = {
			isa = PBXResourcesBuildPhase;
			buildActionMask = 2147483647;
			files = (
				6567DFBE2785DD44009EEDB0 /* LaunchScreen.storyboard in Resources */,
				6567DFBB2785DD44009EEDB0 /* Assets.xcassets in Resources */,
			);
			runOnlyForDeploymentPostprocessing = 0;
		};
		6567DFC22785DD44009EEDB0 /* Resources */ = {
			isa = PBXResourcesBuildPhase;
			buildActionMask = 2147483647;
			files = (
			);
			runOnlyForDeploymentPostprocessing = 0;
		};
		6567DFCC2785DD44009EEDB0 /* Resources */ = {
			isa = PBXResourcesBuildPhase;
			buildActionMask = 2147483647;
			files = (
			);
			runOnlyForDeploymentPostprocessing = 0;
		};
/* End PBXResourcesBuildPhase section */

/* Begin PBXSourcesBuildPhase section */
		6567DFAA2785DD3F009EEDB0 /* Sources */ = {
			isa = PBXSourcesBuildPhase;
			buildActionMask = 2147483647;
			files = (
				6567DFFA27870AE3009EEDB0 /* Offer.swift in Sources */,
				6567DFF6278704B8009EEDB0 /* OfferCellInput.swift in Sources */,
				6567DFF027870407009EEDB0 /* OfferDetailsViewController.swift in Sources */,
				6567DFE22786FB2F009EEDB0 /* RemoteStoragePort.swift in Sources */,
				6567E00027872E46009EEDB0 /* AppCoordinator.swift in Sources */,
				6567DFF8278704C8009EEDB0 /* OfferDetailsInput.swift in Sources */,
				6567DFEE278703F8009EEDB0 /* OffersListViewController.swift in Sources */,
				6567DFF227870447009EEDB0 /* OffersListViewModel.swift in Sources */,
				6567DFF427870453009EEDB0 /* OfferDetailsViewModel.swift in Sources */,
				6567DFE62786FF08009EEDB0 /* APIClient.swift in Sources */,
				6567DFFE27870C6E009EEDB0 /* APIOffer.swift in Sources */,
				6567E00227875871009EEDB0 /* OfferCell.swift in Sources */,
				6567DFE92787001B009EEDB0 /* OffersService.swift in Sources */,
				6567DFFC27870AEB009EEDB0 /* OfferDetails.swift in Sources */,
				6567DFE42786FB3C009EEDB0 /* LocalStoragePort.swift in Sources */,
				6567DFB22785DD3F009EEDB0 /* AppDelegate.swift in Sources */,
				6567DFB42785DD3F009EEDB0 /* SceneDelegate.swift in Sources */,
			);
			runOnlyForDeploymentPostprocessing = 0;
		};
		6567DFC02785DD44009EEDB0 /* Sources */ = {
			isa = PBXSourcesBuildPhase;
			buildActionMask = 2147483647;
			files = (
				6567DFC92785DD44009EEDB0 /* TestSLGTests.swift in Sources */,
			);
			runOnlyForDeploymentPostprocessing = 0;
		};
		6567DFCA2785DD44009EEDB0 /* Sources */ = {
			isa = PBXSourcesBuildPhase;
			buildActionMask = 2147483647;
			files = (
				6567DFD32785DD44009EEDB0 /* TestSLGUITests.swift in Sources */,
				6567DFD52785DD44009EEDB0 /* TestSLGUITestsLaunchTests.swift in Sources */,
			);
			runOnlyForDeploymentPostprocessing = 0;
		};
/* End PBXSourcesBuildPhase section */

/* Begin PBXTargetDependency section */
		6567DFC62785DD44009EEDB0 /* PBXTargetDependency */ = {
			isa = PBXTargetDependency;
			target = 6567DFAD2785DD3F009EEDB0 /* TestSLG */;
			targetProxy = 6567DFC52785DD44009EEDB0 /* PBXContainerItemProxy */;
		};
		6567DFD02785DD44009EEDB0 /* PBXTargetDependency */ = {
			isa = PBXTargetDependency;
			target = 6567DFAD2785DD3F009EEDB0 /* TestSLG */;
			targetProxy = 6567DFCF2785DD44009EEDB0 /* PBXContainerItemProxy */;
		};
/* End PBXTargetDependency section */

/* Begin PBXVariantGroup section */
		6567DFBC2785DD44009EEDB0 /* LaunchScreen.storyboard */ = {
			isa = PBXVariantGroup;
			children = (
				6567DFBD2785DD44009EEDB0 /* Base */,
			);
			name = LaunchScreen.storyboard;
			sourceTree = "<group>";
		};
/* End PBXVariantGroup section */

/* Begin XCBuildConfiguration section */
		6567DFD62785DD44009EEDB0 /* Debug */ = {
			isa = XCBuildConfiguration;
			buildSettings = {
				ALWAYS_SEARCH_USER_PATHS = NO;
				CLANG_ANALYZER_NONNULL = YES;
				CLANG_ANALYZER_NUMBER_OBJECT_CONVERSION = YES_AGGRESSIVE;
				CLANG_CXX_LANGUAGE_STANDARD = "gnu++17";
				CLANG_CXX_LIBRARY = "libc++";
				CLANG_ENABLE_MODULES = YES;
				CLANG_ENABLE_OBJC_ARC = YES;
				CLANG_ENABLE_OBJC_WEAK = YES;
				CLANG_WARN_BLOCK_CAPTURE_AUTORELEASING = YES;
				CLANG_WARN_BOOL_CONVERSION = YES;
				CLANG_WARN_COMMA = YES;
				CLANG_WARN_CONSTANT_CONVERSION = YES;
				CLANG_WARN_DEPRECATED_OBJC_IMPLEMENTATIONS = YES;
				CLANG_WARN_DIRECT_OBJC_ISA_USAGE = YES_ERROR;
				CLANG_WARN_DOCUMENTATION_COMMENTS = YES;
				CLANG_WARN_EMPTY_BODY = YES;
				CLANG_WARN_ENUM_CONVERSION = YES;
				CLANG_WARN_INFINITE_RECURSION = YES;
				CLANG_WARN_INT_CONVERSION = YES;
				CLANG_WARN_NON_LITERAL_NULL_CONVERSION = YES;
				CLANG_WARN_OBJC_IMPLICIT_RETAIN_SELF = YES;
				CLANG_WARN_OBJC_LITERAL_CONVERSION = YES;
				CLANG_WARN_OBJC_ROOT_CLASS = YES_ERROR;
				CLANG_WARN_QUOTED_INCLUDE_IN_FRAMEWORK_HEADER = YES;
				CLANG_WARN_RANGE_LOOP_ANALYSIS = YES;
				CLANG_WARN_STRICT_PROTOTYPES = YES;
				CLANG_WARN_SUSPICIOUS_MOVE = YES;
				CLANG_WARN_UNGUARDED_AVAILABILITY = YES_AGGRESSIVE;
				CLANG_WARN_UNREACHABLE_CODE = YES;
				CLANG_WARN__DUPLICATE_METHOD_MATCH = YES;
				COPY_PHASE_STRIP = NO;
				DEBUG_INFORMATION_FORMAT = dwarf;
				ENABLE_STRICT_OBJC_MSGSEND = YES;
				ENABLE_TESTABILITY = YES;
				GCC_C_LANGUAGE_STANDARD = gnu11;
				GCC_DYNAMIC_NO_PIC = NO;
				GCC_NO_COMMON_BLOCKS = YES;
				GCC_OPTIMIZATION_LEVEL = 0;
				GCC_PREPROCESSOR_DEFINITIONS = (
					"DEBUG=1",
					"$(inherited)",
				);
				GCC_WARN_64_TO_32_BIT_CONVERSION = YES;
				GCC_WARN_ABOUT_RETURN_TYPE = YES_ERROR;
				GCC_WARN_UNDECLARED_SELECTOR = YES;
				GCC_WARN_UNINITIALIZED_AUTOS = YES_AGGRESSIVE;
				GCC_WARN_UNUSED_FUNCTION = YES;
				GCC_WARN_UNUSED_VARIABLE = YES;
				IPHONEOS_DEPLOYMENT_TARGET = 15.0;
				MTL_ENABLE_DEBUG_INFO = INCLUDE_SOURCE;
				MTL_FAST_MATH = YES;
				ONLY_ACTIVE_ARCH = YES;
				SDKROOT = iphoneos;
				SWIFT_ACTIVE_COMPILATION_CONDITIONS = DEBUG;
				SWIFT_OPTIMIZATION_LEVEL = "-Onone";
			};
			name = Debug;
		};
		6567DFD72785DD44009EEDB0 /* Release */ = {
			isa = XCBuildConfiguration;
			buildSettings = {
				ALWAYS_SEARCH_USER_PATHS = NO;
				CLANG_ANALYZER_NONNULL = YES;
				CLANG_ANALYZER_NUMBER_OBJECT_CONVERSION = YES_AGGRESSIVE;
				CLANG_CXX_LANGUAGE_STANDARD = "gnu++17";
				CLANG_CXX_LIBRARY = "libc++";
				CLANG_ENABLE_MODULES = YES;
				CLANG_ENABLE_OBJC_ARC = YES;
				CLANG_ENABLE_OBJC_WEAK = YES;
				CLANG_WARN_BLOCK_CAPTURE_AUTORELEASING = YES;
				CLANG_WARN_BOOL_CONVERSION = YES;
				CLANG_WARN_COMMA = YES;
				CLANG_WARN_CONSTANT_CONVERSION = YES;
				CLANG_WARN_DEPRECATED_OBJC_IMPLEMENTATIONS = YES;
				CLANG_WARN_DIRECT_OBJC_ISA_USAGE = YES_ERROR;
				CLANG_WARN_DOCUMENTATION_COMMENTS = YES;
				CLANG_WARN_EMPTY_BODY = YES;
				CLANG_WARN_ENUM_CONVERSION = YES;
				CLANG_WARN_INFINITE_RECURSION = YES;
				CLANG_WARN_INT_CONVERSION = YES;
				CLANG_WARN_NON_LITERAL_NULL_CONVERSION = YES;
				CLANG_WARN_OBJC_IMPLICIT_RETAIN_SELF = YES;
				CLANG_WARN_OBJC_LITERAL_CONVERSION = YES;
				CLANG_WARN_OBJC_ROOT_CLASS = YES_ERROR;
				CLANG_WARN_QUOTED_INCLUDE_IN_FRAMEWORK_HEADER = YES;
				CLANG_WARN_RANGE_LOOP_ANALYSIS = YES;
				CLANG_WARN_STRICT_PROTOTYPES = YES;
				CLANG_WARN_SUSPICIOUS_MOVE = YES;
				CLANG_WARN_UNGUARDED_AVAILABILITY = YES_AGGRESSIVE;
				CLANG_WARN_UNREACHABLE_CODE = YES;
				CLANG_WARN__DUPLICATE_METHOD_MATCH = YES;
				COPY_PHASE_STRIP = NO;
				DEBUG_INFORMATION_FORMAT = "dwarf-with-dsym";
				ENABLE_NS_ASSERTIONS = NO;
				ENABLE_STRICT_OBJC_MSGSEND = YES;
				GCC_C_LANGUAGE_STANDARD = gnu11;
				GCC_NO_COMMON_BLOCKS = YES;
				GCC_WARN_64_TO_32_BIT_CONVERSION = YES;
				GCC_WARN_ABOUT_RETURN_TYPE = YES_ERROR;
				GCC_WARN_UNDECLARED_SELECTOR = YES;
				GCC_WARN_UNINITIALIZED_AUTOS = YES_AGGRESSIVE;
				GCC_WARN_UNUSED_FUNCTION = YES;
				GCC_WARN_UNUSED_VARIABLE = YES;
				IPHONEOS_DEPLOYMENT_TARGET = 15.0;
				MTL_ENABLE_DEBUG_INFO = NO;
				MTL_FAST_MATH = YES;
				SDKROOT = iphoneos;
				SWIFT_COMPILATION_MODE = wholemodule;
				SWIFT_OPTIMIZATION_LEVEL = "-O";
				VALIDATE_PRODUCT = YES;
			};
			name = Release;
		};
		6567DFD92785DD44009EEDB0 /* Debug */ = {
			isa = XCBuildConfiguration;
			buildSettings = {
				ASSETCATALOG_COMPILER_APPICON_NAME = AppIcon;
				ASSETCATALOG_COMPILER_GLOBAL_ACCENT_COLOR_NAME = AccentColor;
				CODE_SIGN_STYLE = Automatic;
				CURRENT_PROJECT_VERSION = 1;
				DEVELOPMENT_TEAM = WAJGAZY8R3;
				GENERATE_INFOPLIST_FILE = YES;
				INFOPLIST_FILE = TestSLG/Info.plist;
				INFOPLIST_KEY_UIApplicationSupportsIndirectInputEvents = YES;
				INFOPLIST_KEY_UILaunchStoryboardName = LaunchScreen;
				INFOPLIST_KEY_UISupportedInterfaceOrientations_iPad = "UIInterfaceOrientationPortrait UIInterfaceOrientationPortraitUpsideDown UIInterfaceOrientationLandscapeLeft UIInterfaceOrientationLandscapeRight";
				INFOPLIST_KEY_UISupportedInterfaceOrientations_iPhone = "UIInterfaceOrientationPortrait UIInterfaceOrientationLandscapeLeft UIInterfaceOrientationLandscapeRight";
				LD_RUNPATH_SEARCH_PATHS = (
					"$(inherited)",
					"@executable_path/Frameworks",
				);
				MARKETING_VERSION = 1.0;
				PRODUCT_BUNDLE_IDENTIFIER = com.timothee.TestSLG;
				PRODUCT_NAME = "$(TARGET_NAME)";
				SWIFT_EMIT_LOC_STRINGS = YES;
				SWIFT_VERSION = 5.0;
				TARGETED_DEVICE_FAMILY = "1,2";
			};
			name = Debug;
		};
		6567DFDA2785DD44009EEDB0 /* Release */ = {
			isa = XCBuildConfiguration;
			buildSettings = {
				ASSETCATALOG_COMPILER_APPICON_NAME = AppIcon;
				ASSETCATALOG_COMPILER_GLOBAL_ACCENT_COLOR_NAME = AccentColor;
				CODE_SIGN_STYLE = Automatic;
				CURRENT_PROJECT_VERSION = 1;
				DEVELOPMENT_TEAM = WAJGAZY8R3;
				GENERATE_INFOPLIST_FILE = YES;
				INFOPLIST_FILE = TestSLG/Info.plist;
				INFOPLIST_KEY_UIApplicationSupportsIndirectInputEvents = YES;
				INFOPLIST_KEY_UILaunchStoryboardName = LaunchScreen;
				INFOPLIST_KEY_UISupportedInterfaceOrientations_iPad = "UIInterfaceOrientationPortrait UIInterfaceOrientationPortraitUpsideDown UIInterfaceOrientationLandscapeLeft UIInterfaceOrientationLandscapeRight";
				INFOPLIST_KEY_UISupportedInterfaceOrientations_iPhone = "UIInterfaceOrientationPortrait UIInterfaceOrientationLandscapeLeft UIInterfaceOrientationLandscapeRight";
				LD_RUNPATH_SEARCH_PATHS = (
					"$(inherited)",
					"@executable_path/Frameworks",
				);
				MARKETING_VERSION = 1.0;
				PRODUCT_BUNDLE_IDENTIFIER = com.timothee.TestSLG;
				PRODUCT_NAME = "$(TARGET_NAME)";
				SWIFT_EMIT_LOC_STRINGS = YES;
				SWIFT_VERSION = 5.0;
				TARGETED_DEVICE_FAMILY = "1,2";
			};
			name = Release;
		};
		6567DFDC2785DD44009EEDB0 /* Debug */ = {
			isa = XCBuildConfiguration;
			buildSettings = {
				ALWAYS_EMBED_SWIFT_STANDARD_LIBRARIES = YES;
				BUNDLE_LOADER = "$(TEST_HOST)";
				CODE_SIGN_STYLE = Automatic;
				CURRENT_PROJECT_VERSION = 1;
				DEVELOPMENT_TEAM = WAJGAZY8R3;
				GENERATE_INFOPLIST_FILE = YES;
				IPHONEOS_DEPLOYMENT_TARGET = 15.0;
				LD_RUNPATH_SEARCH_PATHS = (
					"$(inherited)",
					"@executable_path/Frameworks",
					"@loader_path/Frameworks",
				);
				MARKETING_VERSION = 1.0;
				PRODUCT_BUNDLE_IDENTIFIER = com.timothee.TestSLGTests;
				PRODUCT_NAME = "$(TARGET_NAME)";
				SWIFT_EMIT_LOC_STRINGS = NO;
				SWIFT_VERSION = 5.0;
				TARGETED_DEVICE_FAMILY = "1,2";
				TEST_HOST = "$(BUILT_PRODUCTS_DIR)/TestSLG.app/TestSLG";
			};
			name = Debug;
		};
		6567DFDD2785DD44009EEDB0 /* Release */ = {
			isa = XCBuildConfiguration;
			buildSettings = {
				ALWAYS_EMBED_SWIFT_STANDARD_LIBRARIES = YES;
				BUNDLE_LOADER = "$(TEST_HOST)";
				CODE_SIGN_STYLE = Automatic;
				CURRENT_PROJECT_VERSION = 1;
				DEVELOPMENT_TEAM = WAJGAZY8R3;
				GENERATE_INFOPLIST_FILE = YES;
				IPHONEOS_DEPLOYMENT_TARGET = 15.0;
				LD_RUNPATH_SEARCH_PATHS = (
					"$(inherited)",
					"@executable_path/Frameworks",
					"@loader_path/Frameworks",
				);
				MARKETING_VERSION = 1.0;
				PRODUCT_BUNDLE_IDENTIFIER = com.timothee.TestSLGTests;
				PRODUCT_NAME = "$(TARGET_NAME)";
				SWIFT_EMIT_LOC_STRINGS = NO;
				SWIFT_VERSION = 5.0;
				TARGETED_DEVICE_FAMILY = "1,2";
				TEST_HOST = "$(BUILT_PRODUCTS_DIR)/TestSLG.app/TestSLG";
			};
			name = Release;
		};
		6567DFDF2785DD44009EEDB0 /* Debug */ = {
			isa = XCBuildConfiguration;
			buildSettings = {
				ALWAYS_EMBED_SWIFT_STANDARD_LIBRARIES = YES;
				CODE_SIGN_STYLE = Automatic;
				CURRENT_PROJECT_VERSION = 1;
				DEVELOPMENT_TEAM = WAJGAZY8R3;
				GENERATE_INFOPLIST_FILE = YES;
				LD_RUNPATH_SEARCH_PATHS = (
					"$(inherited)",
					"@executable_path/Frameworks",
					"@loader_path/Frameworks",
				);
				MARKETING_VERSION = 1.0;
				PRODUCT_BUNDLE_IDENTIFIER = com.timothee.TestSLGUITests;
				PRODUCT_NAME = "$(TARGET_NAME)";
				SWIFT_EMIT_LOC_STRINGS = NO;
				SWIFT_VERSION = 5.0;
				TARGETED_DEVICE_FAMILY = "1,2";
				TEST_TARGET_NAME = TestSLG;
			};
			name = Debug;
		};
		6567DFE02785DD44009EEDB0 /* Release */ = {
			isa = XCBuildConfiguration;
			buildSettings = {
				ALWAYS_EMBED_SWIFT_STANDARD_LIBRARIES = YES;
				CODE_SIGN_STYLE = Automatic;
				CURRENT_PROJECT_VERSION = 1;
				DEVELOPMENT_TEAM = WAJGAZY8R3;
				GENERATE_INFOPLIST_FILE = YES;
				LD_RUNPATH_SEARCH_PATHS = (
					"$(inherited)",
					"@executable_path/Frameworks",
					"@loader_path/Frameworks",
				);
				MARKETING_VERSION = 1.0;
				PRODUCT_BUNDLE_IDENTIFIER = com.timothee.TestSLGUITests;
				PRODUCT_NAME = "$(TARGET_NAME)";
				SWIFT_EMIT_LOC_STRINGS = NO;
				SWIFT_VERSION = 5.0;
				TARGETED_DEVICE_FAMILY = "1,2";
				TEST_TARGET_NAME = TestSLG;
			};
			name = Release;
		};
/* End XCBuildConfiguration section */

/* Begin XCConfigurationList section */
		6567DFA92785DD3F009EEDB0 /* Build configuration list for PBXProject "TestSLG" */ = {
			isa = XCConfigurationList;
			buildConfigurations = (
				6567DFD62785DD44009EEDB0 /* Debug */,
				6567DFD72785DD44009EEDB0 /* Release */,
			);
			defaultConfigurationIsVisible = 0;
			defaultConfigurationName = Release;
		};
		6567DFD82785DD44009EEDB0 /* Build configuration list for PBXNativeTarget "TestSLG" */ = {
			isa = XCConfigurationList;
			buildConfigurations = (
				6567DFD92785DD44009EEDB0 /* Debug */,
				6567DFDA2785DD44009EEDB0 /* Release */,
			);
			defaultConfigurationIsVisible = 0;
			defaultConfigurationName = Release;
		};
		6567DFDB2785DD44009EEDB0 /* Build configuration list for PBXNativeTarget "TestSLGTests" */ = {
			isa = XCConfigurationList;
			buildConfigurations = (
				6567DFDC2785DD44009EEDB0 /* Debug */,
				6567DFDD2785DD44009EEDB0 /* Release */,
			);
			defaultConfigurationIsVisible = 0;
			defaultConfigurationName = Release;
		};
		6567DFDE2785DD44009EEDB0 /* Build configuration list for PBXNativeTarget "TestSLGUITests" */ = {
			isa = XCConfigurationList;
			buildConfigurations = (
				6567DFDF2785DD44009EEDB0 /* Debug */,
				6567DFE02785DD44009EEDB0 /* Release */,
			);
			defaultConfigurationIsVisible = 0;
			defaultConfigurationName = Release;
		};
/* End XCConfigurationList section */
	};
	rootObject = 6567DFA62785DD3F009EEDB0 /* Project object */;
}
